
Microsoft Visual Studio Solution File, Format Version 12.00
# Visual Studio Version 16
VisualStudioVersion = 16.0.30128.74
MinimumVisualStudioVersion = 15.0.26124.0
Project("{2150E333-8FDC-42A3-9474-1A3956D46DE8}") = "src", "src", "{C81E01C8-D405-4772-A357-862AA73D027E}"
EndProject
Project("{9A19103F-16F7-4668-BE54-9A1E7A4F7556}") = "StudentPortal.WebSite", "src\StudentPortal.WebSite\StudentPortal.WebSite.csproj", "{BDF9D0F1-D9EF-45F4-AF8B-1C0C689FFD86}"
EndProject
Global
	GlobalSection(SolutionConfigurationPlatforms) = preSolution
		Debug|Any CPU = Debug|Any CPU
		Debug|x64 = Debug|x64
		Debug|x86 = Debug|x86
		Release|Any CPU = Release|Any CPU
		Release|x64 = Release|x64
		Release|x86 = Release|x86
	EndGlobalSection
	GlobalSection(ProjectConfigurationPlatforms) = postSolution
		{BDF9D0F1-D9EF-45F4-AF8B-1C0C689FFD86}.Debug|Any CPU.ActiveCfg = Debug|Any CPU
		{BDF9D0F1-D9EF-45F4-AF8B-1C0C689FFD86}.Debug|Any CPU.Build.0 = Debug|Any CPU
		{BDF9D0F1-D9EF-45F4-AF8B-1C0C689FFD86}.Debug|x64.ActiveCfg = Debug|Any CPU
		{BDF9D0F1-D9EF-45F4-AF8B-1C0C689FFD86}.Debug|x64.Build.0 = Debug|Any CPU
		{BDF9D0F1-D9EF-45F4-AF8B-1C0C689FFD86}.Debug|x86.ActiveCfg = Debug|Any CPU
		{BDF9D0F1-D9EF-45F4-AF8B-1C0C689FFD86}.Debug|x86.Build.0 = Debug|Any CPU
		{BDF9D0F1-D9EF-45F4-AF8B-1C0C689FFD86}.Release|Any CPU.ActiveCfg = Release|Any CPU
		{BDF9D0F1-D9EF-45F4-AF8B-1C0C689FFD86}.Release|Any CPU.Build.0 = Release|Any CPU
		{BDF9D0F1-D9EF-45F4-AF8B-1C0C689FFD86}.Release|x64.ActiveCfg = Release|Any CPU
		{BDF9D0F1-D9EF-45F4-AF8B-1C0C689FFD86}.Release|x64.Build.0 = Release|Any CPU
		{BDF9D0F1-D9EF-45F4-AF8B-1C0C689FFD86}.Release|x86.ActiveCfg = Release|Any CPU
		{BDF9D0F1-D9EF-45F4-AF8B-1C0C689FFD86}.Release|x86.Build.0 = Release|Any CPU
	EndGlobalSection
	GlobalSection(SolutionProperties) = preSolution
		HideSolutionNode = FALSE
	EndGlobalSection
	GlobalSection(NestedProjects) = preSolution
		{BDF9D0F1-D9EF-45F4-AF8B-1C0C689FFD86} = {C81E01C8-D405-4772-A357-862AA73D027E}
	EndGlobalSection
	GlobalSection(ExtensibilityGlobals) = postSolution
		SolutionGuid = {5EA70FAB-573B-46CE-94FE-87834BC2B56C}
	EndGlobalSection
EndGlobal
